
Microsoft Visual Studio Solution File, Format Version 12.00
# Visual Studio Version 16
VisualStudioVersion = 16.0.28822.285
MinimumVisualStudioVersion = 10.0.40219.1
Project("{9A19103F-16F7-4668-BE54-9A1E7A4F7556}") = "CommonCore.Tests", "CommonCore.Tests\CommonCore.Tests.csproj", "{71374A06-28B1-4E86-9803-B36DB780BBAC}"
EndProject
Project("{9A19103F-16F7-4668-BE54-9A1E7A4F7556}") = "CommonCore.Models", "CommonCore.Models\CommonCore.Models.csproj", "{1DA086FB-E886-4EF8-9A99-5DB06279ACF2}"
EndProject
Project("{9A19103F-16F7-4668-BE54-9A1E7A4F7556}") = "CommonCore.Interfaces", "CommonCore.Interfaces\CommonCore.Interfaces.csproj", "{EAEC59F0-8767-4516-B92E-E7E094BDBC43}"
EndProject
Project("{9A19103F-16F7-4668-BE54-9A1E7A4F7556}") = "CommonCore.Api", "CommonCore.Api\CommonCore.Api.csproj", "{2382DAE4-B703-42F9-918A-6C668E5D851B}"
EndProject
Project("{9A19103F-16F7-4668-BE54-9A1E7A4F7556}") = "CommonCore.Api.Tests", "CommonCore.Api.Tests\CommonCore.Api.Tests.csproj", "{37EA0673-4670-4195-A713-B2D72BCBC663}"
EndProject
Project("{9A19103F-16F7-4668-BE54-9A1E7A4F7556}") = "CommonCore2", "CommonCore2\CommonCore2.csproj", "{499F1B39-856B-41EA-B266-C547A3D579B8}"
EndProject
Project("{9A19103F-16F7-4668-BE54-9A1E7A4F7556}") = "CommonCore.Standard", "CommonCore.Standard\CommonCore.Standard.csproj", "{9337E42D-0CD4-4324-9516-4D030C097C91}"
EndProject
Project("{FAE04EC0-301F-11D3-BF4B-00C04F79EFBC}") = "CommonCore.MongoDb", "CommonCore.MongoDb\CommonCore.MongoDb.csproj", "{7FB5CC2B-17AF-4F11-AC47-0062B4217D9E}"
EndProject
Global
	GlobalSection(SolutionConfigurationPlatforms) = preSolution
		Debug|Any CPU = Debug|Any CPU
		Release|Any CPU = Release|Any CPU
	EndGlobalSection
	GlobalSection(ProjectConfigurationPlatforms) = postSolution
		{71374A06-28B1-4E86-9803-B36DB780BBAC}.Debug|Any CPU.ActiveCfg = Debug|Any CPU
		{71374A06-28B1-4E86-9803-B36DB780BBAC}.Debug|Any CPU.Build.0 = Debug|Any CPU
		{71374A06-28B1-4E86-9803-B36DB780BBAC}.Release|Any CPU.ActiveCfg = Release|Any CPU
		{71374A06-28B1-4E86-9803-B36DB780BBAC}.Release|Any CPU.Build.0 = Release|Any CPU
		{1DA086FB-E886-4EF8-9A99-5DB06279ACF2}.Debug|Any CPU.ActiveCfg = Debug|Any CPU
		{1DA086FB-E886-4EF8-9A99-5DB06279ACF2}.Debug|Any CPU.Build.0 = Debug|Any CPU
		{1DA086FB-E886-4EF8-9A99-5DB06279ACF2}.Release|Any CPU.ActiveCfg = Release|Any CPU
		{1DA086FB-E886-4EF8-9A99-5DB06279ACF2}.Release|Any CPU.Build.0 = Release|Any CPU
		{EAEC59F0-8767-4516-B92E-E7E094BDBC43}.Debug|Any CPU.ActiveCfg = Debug|Any CPU
		{EAEC59F0-8767-4516-B92E-E7E094BDBC43}.Debug|Any CPU.Build.0 = Debug|Any CPU
		{EAEC59F0-8767-4516-B92E-E7E094BDBC43}.Release|Any CPU.ActiveCfg = Release|Any CPU
		{EAEC59F0-8767-4516-B92E-E7E094BDBC43}.Release|Any CPU.Build.0 = Release|Any CPU
		{2382DAE4-B703-42F9-918A-6C668E5D851B}.Debug|Any CPU.ActiveCfg = Debug|Any CPU
		{2382DAE4-B703-42F9-918A-6C668E5D851B}.Debug|Any CPU.Build.0 = Debug|Any CPU
		{2382DAE4-B703-42F9-918A-6C668E5D851B}.Release|Any CPU.ActiveCfg = Release|Any CPU
		{2382DAE4-B703-42F9-918A-6C668E5D851B}.Release|Any CPU.Build.0 = Release|Any CPU
		{37EA0673-4670-4195-A713-B2D72BCBC663}.Debug|Any CPU.ActiveCfg = Debug|Any CPU
		{37EA0673-4670-4195-A713-B2D72BCBC663}.Debug|Any CPU.Build.0 = Debug|Any CPU
		{37EA0673-4670-4195-A713-B2D72BCBC663}.Release|Any CPU.ActiveCfg = Release|Any CPU
		{37EA0673-4670-4195-A713-B2D72BCBC663}.Release|Any CPU.Build.0 = Release|Any CPU
		{499F1B39-856B-41EA-B266-C547A3D579B8}.Debug|Any CPU.ActiveCfg = Debug|Any CPU
		{499F1B39-856B-41EA-B266-C547A3D579B8}.Debug|Any CPU.Build.0 = Debug|Any CPU
		{499F1B39-856B-41EA-B266-C547A3D579B8}.Release|Any CPU.ActiveCfg = Release|Any CPU
		{499F1B39-856B-41EA-B266-C547A3D579B8}.Release|Any CPU.Build.0 = Release|Any CPU
		{9337E42D-0CD4-4324-9516-4D030C097C91}.Debug|Any CPU.ActiveCfg = Debug|Any CPU
		{9337E42D-0CD4-4324-9516-4D030C097C91}.Debug|Any CPU.Build.0 = Debug|Any CPU
		{9337E42D-0CD4-4324-9516-4D030C097C91}.Release|Any CPU.ActiveCfg = Release|Any CPU
		{9337E42D-0CD4-4324-9516-4D030C097C91}.Release|Any CPU.Build.0 = Release|Any CPU
		{7FB5CC2B-17AF-4F11-AC47-0062B4217D9E}.Debug|Any CPU.ActiveCfg = Debug|Any CPU
		{7FB5CC2B-17AF-4F11-AC47-0062B4217D9E}.Debug|Any CPU.Build.0 = Debug|Any CPU
		{7FB5CC2B-17AF-4F11-AC47-0062B4217D9E}.Release|Any CPU.ActiveCfg = Release|Any CPU
		{7FB5CC2B-17AF-4F11-AC47-0062B4217D9E}.Release|Any CPU.Build.0 = Release|Any CPU
	EndGlobalSection
	GlobalSection(SolutionProperties) = preSolution
		HideSolutionNode = FALSE
	EndGlobalSection
	GlobalSection(ExtensibilityGlobals) = postSolution
		SolutionGuid = {9F31C79A-9C78-4D49-B464-B1313F83671E}
	EndGlobalSection
EndGlobal
